
Microsoft Visual Studio Solution File, Format Version 12.00
# Visual Studio Version 17
VisualStudioVersion = 17.7.34221.43
MinimumVisualStudioVersion = 10.0.40219.1
Project("{8BC9CEB8-8B4A-11D0-8D11-00A0C91BC942}") = "Visualizer", "Visualizer.vcxproj", "{4716CC47-B861-4131-BA88-FA7F181FC4A6}"
EndProject
Project("{8BC9CEB8-8B4A-11D0-8D11-00A0C91BC942}") = "Geometry", "Geometry\Geometry.vcxproj", "{2BF52663-A5B5-4B6A-BCB2-489A786CED65}"
EndProject
Project("{8BC9CEB8-8B4A-11D0-8D11-00A0C91BC942}") = "Algorithm", "Algorithm\Algorithm.vcxproj", "{19BE27B2-E3A0-4C53-89CB-D6A89CAB148D}"
EndProject
Global
	GlobalSection(SolutionConfigurationPlatforms) = preSolution
		Debug|x64 = Debug|x64
		Debug|x86 = Debug|x86
		Release|x64 = Release|x64
		Release|x86 = Release|x86
	EndGlobalSection
	GlobalSection(ProjectConfigurationPlatforms) = postSolution
		{4716CC47-B861-4131-BA88-FA7F181FC4A6}.Debug|x64.ActiveCfg = Debug|x64
		{4716CC47-B861-4131-BA88-FA7F181FC4A6}.Debug|x64.Build.0 = Debug|x64
		{4716CC47-B861-4131-BA88-FA7F181FC4A6}.Debug|x86.ActiveCfg = Debug|x64
		{4716CC47-B861-4131-BA88-FA7F181FC4A6}.Debug|x86.Build.0 = Debug|x64
		{4716CC47-B861-4131-BA88-FA7F181FC4A6}.Release|x64.ActiveCfg = Release|x64
		{4716CC47-B861-4131-BA88-FA7F181FC4A6}.Release|x64.Build.0 = Release|x64
		{4716CC47-B861-4131-BA88-FA7F181FC4A6}.Release|x86.ActiveCfg = Release|x64
		{4716CC47-B861-4131-BA88-FA7F181FC4A6}.Release|x86.Build.0 = Release|x64
		{2BF52663-A5B5-4B6A-BCB2-489A786CED65}.Debug|x64.ActiveCfg = Debug|x64
		{2BF52663-A5B5-4B6A-BCB2-489A786CED65}.Debug|x64.Build.0 = Debug|x64
		{2BF52663-A5B5-4B6A-BCB2-489A786CED65}.Debug|x86.ActiveCfg = Debug|Win32
		{2BF52663-A5B5-4B6A-BCB2-489A786CED65}.Debug|x86.Build.0 = Debug|Win32
		{2BF52663-A5B5-4B6A-BCB2-489A786CED65}.Release|x64.ActiveCfg = Release|x64
		{2BF52663-A5B5-4B6A-BCB2-489A786CED65}.Release|x64.Build.0 = Release|x64
		{2BF52663-A5B5-4B6A-BCB2-489A786CED65}.Release|x86.ActiveCfg = Release|Win32
		{2BF52663-A5B5-4B6A-BCB2-489A786CED65}.Release|x86.Build.0 = Release|Win32
		{19BE27B2-E3A0-4C53-89CB-D6A89CAB148D}.Debug|x64.ActiveCfg = Debug|x64
		{19BE27B2-E3A0-4C53-89CB-D6A89CAB148D}.Debug|x64.Build.0 = Debug|x64
		{19BE27B2-E3A0-4C53-89CB-D6A89CAB148D}.Debug|x86.ActiveCfg = Debug|Win32
		{19BE27B2-E3A0-4C53-89CB-D6A89CAB148D}.Debug|x86.Build.0 = Debug|Win32
		{19BE27B2-E3A0-4C53-89CB-D6A89CAB148D}.Release|x64.ActiveCfg = Release|x64
		{19BE27B2-E3A0-4C53-89CB-D6A89CAB148D}.Release|x64.Build.0 = Release|x64
		{19BE27B2-E3A0-4C53-89CB-D6A89CAB148D}.Release|x86.ActiveCfg = Release|Win32
		{19BE27B2-E3A0-4C53-89CB-D6A89CAB148D}.Release|x86.Build.0 = Release|Win32
	EndGlobalSection
	GlobalSection(SolutionProperties) = preSolution
		HideSolutionNode = FALSE
	EndGlobalSection
	GlobalSection(ExtensibilityGlobals) = postSolution
		SolutionGuid = {7C8AF16E-7D27-4FF1-8E27-7B04E7F4F327}
	EndGlobalSection
EndGlobal
